
Microsoft Visual Studio Solution File, Format Version 12.00
# Visual Studio Version 17
VisualStudioVersion = 17.3.32811.315
MinimumVisualStudioVersion = 10.0.40219.1
Project("{2150E333-8FDC-42A3-9474-1A3956D46DE8}") = "Solution Items", "Solution Items", "{B4877F29-CCAB-45B9-94A3-615F55E1A12D}"
EndProject
Project("{9A19103F-16F7-4668-BE54-9A1E7A4F7556}") = "UKTakeHomeCalc.Core", "source\UKTakeHomeCalc.Core\UKTakeHomeCalc.Core.csproj", "{B81769C3-5DA1-49FC-BE76-6DE0929363B4}"
EndProject
Project("{9A19103F-16F7-4668-BE54-9A1E7A4F7556}") = "UKTakeHomeCalc.Core.Test", "tests\UKTakeHomeCalc.Core.Test\UKTakeHomeCalc.Core.Test.csproj", "{313CF624-6EEA-4FA2-B7B9-BD4DEBF304BF}"
EndProject
Global
	GlobalSection(SolutionConfigurationPlatforms) = preSolution
		Debug|Any CPU = Debug|Any CPU
		Release|Any CPU = Release|Any CPU
	EndGlobalSection
	GlobalSection(ProjectConfigurationPlatforms) = postSolution
		{B81769C3-5DA1-49FC-BE76-6DE0929363B4}.Debug|Any CPU.ActiveCfg = Debug|Any CPU
		{B81769C3-5DA1-49FC-BE76-6DE0929363B4}.Debug|Any CPU.Build.0 = Debug|Any CPU
		{B81769C3-5DA1-49FC-BE76-6DE0929363B4}.Release|Any CPU.ActiveCfg = Release|Any CPU
		{B81769C3-5DA1-49FC-BE76-6DE0929363B4}.Release|Any CPU.Build.0 = Release|Any CPU
		{313CF624-6EEA-4FA2-B7B9-BD4DEBF304BF}.Debug|Any CPU.ActiveCfg = Debug|Any CPU
		{313CF624-6EEA-4FA2-B7B9-BD4DEBF304BF}.Debug|Any CPU.Build.0 = Debug|Any CPU
		{313CF624-6EEA-4FA2-B7B9-BD4DEBF304BF}.Release|Any CPU.ActiveCfg = Release|Any CPU
		{313CF624-6EEA-4FA2-B7B9-BD4DEBF304BF}.Release|Any CPU.Build.0 = Release|Any CPU
	EndGlobalSection
	GlobalSection(SolutionProperties) = preSolution
		HideSolutionNode = FALSE
	EndGlobalSection
	GlobalSection(ExtensibilityGlobals) = postSolution
		SolutionGuid = {2D7CC321-95C0-4524-8E2D-6F83A892B89B}
	EndGlobalSection
EndGlobal
